
Microsoft Visual Studio Solution File, Format Version 12.00
# Visual Studio Version 17
VisualStudioVersion = 17.3.32929.385
MinimumVisualStudioVersion = 10.0.40219.1
Project("{FAE04EC0-301F-11D3-BF4B-00C04F79EFBC}") = "CarRentalApp", "CarRentalApp\CarRentalApp.csproj", "{B6B89C7C-17E4-49BF-B593-1BC02F05D879}"
EndProject
Global
	GlobalSection(SolutionConfigurationPlatforms) = preSolution
		Debug|Any CPU = Debug|Any CPU
		Release|Any CPU = Release|Any CPU
	EndGlobalSection
	GlobalSection(ProjectConfigurationPlatforms) = postSolution
		{B6B89C7C-17E4-49BF-B593-1BC02F05D879}.Debug|Any CPU.ActiveCfg = Debug|Any CPU
		{B6B89C7C-17E4-49BF-B593-1BC02F05D879}.Debug|Any CPU.Build.0 = Debug|Any CPU
		{B6B89C7C-17E4-49BF-B593-1BC02F05D879}.Release|Any CPU.ActiveCfg = Release|Any CPU
		{B6B89C7C-17E4-49BF-B593-1BC02F05D879}.Release|Any CPU.Build.0 = Release|Any CPU
	EndGlobalSection
	GlobalSection(SolutionProperties) = preSolution
		HideSolutionNode = FALSE
	EndGlobalSection
	GlobalSection(ExtensibilityGlobals) = postSolution
		SolutionGuid = {E6C945F1-5EF6-497E-B44E-EF749926202E}
	EndGlobalSection
EndGlobal
